<Solution>
  <Project Path="PokedexClone.Application/PokedexClone.Application.csproj" Id="0c467aea-bf4a-40b0-9665-71f30ecfef41" />
  <Project Path="PokedexClone.Domain/PokedexClone.Domain.csproj" Id="3f5c156b-c0a5-456d-be87-10658a3e0ca9" />
  <Project Path="PokedexClone.Shared/PokedexClone.Shared.csproj" Id="89f449ae-167a-4bc6-bd77-aa67f6a13e5e" />
  <Project Path="PokedexClone.WebApp/PokedexClone.WebApp.csproj" Id="ee610f11-2bfc-4843-b519-cd83aa4eee46" />
</Solution>
